// !$*UTF8*$!
{
	archiveVersion = 1;
	classes = {
	};
	objectVersion = 51;
	objects = {

/* Begin PBXBuildFile section */
		4A0B139438E44D5B523CE828 /* Pods_CSR_Chat.framework in Frameworks */ = {isa = PBXBuildFile; fileRef = D8437F43A228DD7FDDB2B0A8 /* Pods_CSR_Chat.framework */; };
		807ED341236A1C2E005DBE20 /* GoogleService-Info.plist in Resources */ = {isa = PBXBuildFile; fileRef = 807ED340236A1C2E005DBE20 /* GoogleService-Info.plist */; };
		80BF9EC02375BAB40055DAF5 /* LoginView.swift in Sources */ = {isa = PBXBuildFile; fileRef = 80BF9EBF2375BAB40055DAF5 /* LoginView.swift */; };
		80BF9EC22375BAEC0055DAF5 /* FirebaseSession.swift in Sources */ = {isa = PBXBuildFile; fileRef = 80BF9EC12375BAEC0055DAF5 /* FirebaseSession.swift */; };
		80BF9EC42375BC8F0055DAF5 /* SignUp.swift in Sources */ = {isa = PBXBuildFile; fileRef = 80BF9EC32375BC8F0055DAF5 /* SignUp.swift */; };
		80BF9EC62375BCCF0055DAF5 /* User.swift in Sources */ = {isa = PBXBuildFile; fileRef = 80BF9EC52375BCCF0055DAF5 /* User.swift */; };
		80BF9EC82375BD570055DAF5 /* MsgPage.swift in Sources */ = {isa = PBXBuildFile; fileRef = 80BF9EC72375BD570055DAF5 /* MsgPage.swift */; };
		80BF9ECA2375BF580055DAF5 /* MsgRow.swift in Sources */ = {isa = PBXBuildFile; fileRef = 80BF9EC92375BF580055DAF5 /* MsgRow.swift */; };
		80BF9ED02375FF8F0055DAF5 /* Msg.swift in Sources */ = {isa = PBXBuildFile; fileRef = 80BF9ECF2375FF8F0055DAF5 /* Msg.swift */; };
		80F9C8A02360DD99004B831E /* AppDelegate.swift in Sources */ = {isa = PBXBuildFile; fileRef = 80F9C89F2360DD99004B831E /* AppDelegate.swift */; };
		80F9C8A22360DD99004B831E /* SceneDelegate.swift in Sources */ = {isa = PBXBuildFile; fileRef = 80F9C8A12360DD99004B831E /* SceneDelegate.swift */; };
		80F9C8A52360DD99004B831E /* CSR_Chat.xcdatamodeld in Sources */ = {isa = PBXBuildFile; fileRef = 80F9C8A32360DD99004B831E /* CSR_Chat.xcdatamodeld */; };
		80F9C8A72360DD99004B831E /* ContentView.swift in Sources */ = {isa = PBXBuildFile; fileRef = 80F9C8A62360DD99004B831E /* ContentView.swift */; };
		80F9C8A92360DD9F004B831E /* Assets.xcassets in Resources */ = {isa = PBXBuildFile; fileRef = 80F9C8A82360DD9F004B831E /* Assets.xcassets */; };
		80F9C8AC2360DD9F004B831E /* Preview Assets.xcassets in Resources */ = {isa = PBXBuildFile; fileRef = 80F9C8AB2360DD9F004B831E /* Preview Assets.xcassets */; };
		80F9C8AF2360DD9F004B831E /* LaunchScreen.storyboard in Resources */ = {isa = PBXBuildFile; fileRef = 80F9C8AD2360DD9F004B831E /* LaunchScreen.storyboard */; };
/* End PBXBuildFile section */

/* Begin PBXFileReference section */
		28A1EF2D22EC93550FA3A169 /* Pods-CSR-Chat.release.xcconfig */ = {isa = PBXFileReference; includeInIndex = 1; lastKnownFileType = text.xcconfig; name = "Pods-CSR-Chat.release.xcconfig"; path = "Target Support Files/Pods-CSR-Chat/Pods-CSR-Chat.release.xcconfig"; sourceTree = "<group>"; };
		35A1EE150EFDAAB27C2FE211 /* Pods-CSR-Chat.debug.xcconfig */ = {isa = PBXFileReference; includeInIndex = 1; lastKnownFileType = text.xcconfig; name = "Pods-CSR-Chat.debug.xcconfig"; path = "Target Support Files/Pods-CSR-Chat/Pods-CSR-Chat.debug.xcconfig"; sourceTree = "<group>"; };
		807ED340236A1C2E005DBE20 /* GoogleService-Info.plist */ = {isa = PBXFileReference; fileEncoding = 4; lastKnownFileType = text.plist.xml; name = "GoogleService-Info.plist"; path = "../../../GoogleService-Info.plist"; sourceTree = "<group>"; };
		80BF9EBF2375BAB40055DAF5 /* LoginView.swift */ = {isa = PBXFileReference; lastKnownFileType = sourcecode.swift; path = LoginView.swift; sourceTree = "<group>"; };
		80BF9EC12375BAEC0055DAF5 /* FirebaseSession.swift */ = {isa = PBXFileReference; fileEncoding = 4; lastKnownFileType = sourcecode.swift; path = FirebaseSession.swift; sourceTree = "<group>"; };
		80BF9EC32375BC8F0055DAF5 /* SignUp.swift */ = {isa = PBXFileReference; lastKnownFileType = sourcecode.swift; path = SignUp.swift; sourceTree = "<group>"; };
		80BF9EC52375BCCF0055DAF5 /* User.swift */ = {isa = PBXFileReference; lastKnownFileType = sourcecode.swift; path = User.swift; sourceTree = "<group>"; };
		80BF9EC72375BD570055DAF5 /* MsgPage.swift */ = {isa = PBXFileReference; lastKnownFileType = sourcecode.swift; path = MsgPage.swift; sourceTree = "<group>"; };
		80BF9EC92375BF580055DAF5 /* MsgRow.swift */ = {isa = PBXFileReference; lastKnownFileType = sourcecode.swift; path = MsgRow.swift; sourceTree = "<group>"; };
		80BF9ECF2375FF8F0055DAF5 /* Msg.swift */ = {isa = PBXFileReference; lastKnownFileType = sourcecode.swift; path = Msg.swift; sourceTree = "<group>"; };
		80F9C89C2360DD99004B831E /* CSR-Chat.app */ = {isa = PBXFileReference; explicitFileType = wrapper.application; includeInIndex = 0; path = "CSR-Chat.app"; sourceTree = BUILT_PRODUCTS_DIR; };
		80F9C89F2360DD99004B831E /* AppDelegate.swift */ = {isa = PBXFileReference; lastKnownFileType = sourcecode.swift; path = AppDelegate.swift; sourceTree = "<group>"; };
		80F9C8A12360DD99004B831E /* SceneDelegate.swift */ = {isa = PBXFileReference; lastKnownFileType = sourcecode.swift; path = SceneDelegate.swift; sourceTree = "<group>"; };
		80F9C8A42360DD99004B831E /* CSR_Chat.xcdatamodel */ = {isa = PBXFileReference; lastKnownFileType = wrapper.xcdatamodel; path = CSR_Chat.xcdatamodel; sourceTree = "<group>"; };
		80F9C8A62360DD99004B831E /* ContentView.swift */ = {isa = PBXFileReference; lastKnownFileType = sourcecode.swift; path = ContentView.swift; sourceTree = "<group>"; };
		80F9C8A82360DD9F004B831E /* Assets.xcassets */ = {isa = PBXFileReference; lastKnownFileType = folder.assetcatalog; path = Assets.xcassets; sourceTree = "<group>"; };
		80F9C8AB2360DD9F004B831E /* Preview Assets.xcassets */ = {isa = PBXFileReference; lastKnownFileType = folder.assetcatalog; path = "Preview Assets.xcassets"; sourceTree = "<group>"; };
		80F9C8AE2360DD9F004B831E /* Base */ = {isa = PBXFileReference; lastKnownFileType = file.storyboard; name = Base; path = Base.lproj/LaunchScreen.storyboard; sourceTree = "<group>"; };
		80F9C8B02360DD9F004B831E /* Info.plist */ = {isa = PBXFileReference; lastKnownFileType = text.plist.xml; path = Info.plist; sourceTree = "<group>"; };
		D8437F43A228DD7FDDB2B0A8 /* Pods_CSR_Chat.framework */ = {isa = PBXFileReference; explicitFileType = wrapper.framework; includeInIndex = 0; path = Pods_CSR_Chat.framework; sourceTree = BUILT_PRODUCTS_DIR; };
/* End PBXFileReference section */

/* Begin PBXFrameworksBuildPhase section */
		80F9C8992360DD99004B831E /* Frameworks */ = {
			isa = PBXFrameworksBuildPhase;
			buildActionMask = 2147483647;
			files = (
				4A0B139438E44D5B523CE828 /* Pods_CSR_Chat.framework in Frameworks */,
			);
			runOnlyForDeploymentPostprocessing = 0;
		};
/* End PBXFrameworksBuildPhase section */

/* Begin PBXGroup section */
		0564073C11FC5A8AEB2E1BA7 /* Frameworks */ = {
			isa = PBXGroup;
			children = (
				D8437F43A228DD7FDDB2B0A8 /* Pods_CSR_Chat.framework */,
			);
			name = Frameworks;
			sourceTree = "<group>";
		};
		3F92885C5C2C52DFAC2E6627 /* Pods */ = {
			isa = PBXGroup;
			children = (
				35A1EE150EFDAAB27C2FE211 /* Pods-CSR-Chat.debug.xcconfig */,
				28A1EF2D22EC93550FA3A169 /* Pods-CSR-Chat.release.xcconfig */,
			);
			path = Pods;
			sourceTree = "<group>";
		};
		80F9C8932360DD99004B831E = {
			isa = PBXGroup;
			children = (
				80F9C89E2360DD99004B831E /* CSR-Chat */,
				80F9C89D2360DD99004B831E /* Products */,
				3F92885C5C2C52DFAC2E6627 /* Pods */,
				0564073C11FC5A8AEB2E1BA7 /* Frameworks */,
			);
			sourceTree = "<group>";
		};
		80F9C89D2360DD99004B831E /* Products */ = {
			isa = PBXGroup;
			children = (
				80F9C89C2360DD99004B831E /* CSR-Chat.app */,
			);
			name = Products;
			sourceTree = "<group>";
		};
		80F9C89E2360DD99004B831E /* CSR-Chat */ = {
			isa = PBXGroup;
			children = (
				80F9C89F2360DD99004B831E /* AppDelegate.swift */,
				80F9C8A12360DD99004B831E /* SceneDelegate.swift */,
				80BF9EBF2375BAB40055DAF5 /* LoginView.swift */,
				80BF9EC32375BC8F0055DAF5 /* SignUp.swift */,
				80BF9EC92375BF580055DAF5 /* MsgRow.swift */,
				80BF9EC72375BD570055DAF5 /* MsgPage.swift */,
				80F9C8A62360DD99004B831E /* ContentView.swift */,
				80BF9ECF2375FF8F0055DAF5 /* Msg.swift */,
				80BF9EC52375BCCF0055DAF5 /* User.swift */,
				80BF9EC12375BAEC0055DAF5 /* FirebaseSession.swift */,
				807ED340236A1C2E005DBE20 /* GoogleService-Info.plist */,
				80F9C8A82360DD9F004B831E /* Assets.xcassets */,
				80F9C8AD2360DD9F004B831E /* LaunchScreen.storyboard */,
				80F9C8B02360DD9F004B831E /* Info.plist */,
				80F9C8A32360DD99004B831E /* CSR_Chat.xcdatamodeld */,
				80F9C8AA2360DD9F004B831E /* Preview Content */,
			);
			path = "CSR-Chat";
			sourceTree = "<group>";
		};
		80F9C8AA2360DD9F004B831E /* Preview Content */ = {
			isa = PBXGroup;
			children = (
				80F9C8AB2360DD9F004B831E /* Preview Assets.xcassets */,
			);
			path = "Preview Content";
			sourceTree = "<group>";
		};
/* End PBXGroup section */

/* Begin PBXNativeTarget section */
		80F9C89B2360DD99004B831E /* CSR-Chat */ = {
			isa = PBXNativeTarget;
			buildConfigurationList = 80F9C8B32360DD9F004B831E /* Build configuration list for PBXNativeTarget "CSR-Chat" */;
			buildPhases = (
				FC738E3C6B19618FFB25FEDD /* [CP] Check Pods Manifest.lock */,
				80F9C8982360DD99004B831E /* Sources */,
				80F9C8992360DD99004B831E /* Frameworks */,
				80F9C89A2360DD99004B831E /* Resources */,
				29B077B125AEABF16E4ABC27 /* [CP] Embed Pods Frameworks */,
			);
			buildRules = (
			);
			dependencies = (
			);
			name = "CSR-Chat";
			productName = "CSR-Chat";
			productReference = 80F9C89C2360DD99004B831E /* CSR-Chat.app */;
			productType = "com.apple.product-type.application";
		};
/* End PBXNativeTarget section */

/* Begin PBXProject section */
		80F9C8942360DD99004B831E /* Project object */ = {
			isa = PBXProject;
			attributes = {
				LastSwiftUpdateCheck = 1110;
				LastUpgradeCheck = 1110;
				ORGANIZATIONNAME = csr.com;
				TargetAttributes = {
					80F9C89B2360DD99004B831E = {
						CreatedOnToolsVersion = 11.1;
					};
				};
			};
			buildConfigurationList = 80F9C8972360DD99004B831E /* Build configuration list for PBXProject "CSR-Chat" */;
			compatibilityVersion = "Xcode 9.3";
			developmentRegion = en;
			hasScannedForEncodings = 0;
			knownRegions = (
				en,
				Base,
			);
			mainGroup = 80F9C8932360DD99004B831E;
			productRefGroup = 80F9C89D2360DD99004B831E /* Products */;
			projectDirPath = "";
			projectRoot = "";
			targets = (
				80F9C89B2360DD99004B831E /* CSR-Chat */,
			);
		};
/* End PBXProject section */

/* Begin PBXResourcesBuildPhase section */
		80F9C89A2360DD99004B831E /* Resources */ = {
			isa = PBXResourcesBuildPhase;
			buildActionMask = 2147483647;
			files = (
				80F9C8AF2360DD9F004B831E /* LaunchScreen.storyboard in Resources */,
				807ED341236A1C2E005DBE20 /* GoogleService-Info.plist in Resources */,
				80F9C8AC2360DD9F004B831E /* Preview Assets.xcassets in Resources */,
				80F9C8A92360DD9F004B831E /* Assets.xcassets in Resources */,
			);
			runOnlyForDeploymentPostprocessing = 0;
		};
/* End PBXResourcesBuildPhase section */

/* Begin PBXShellScriptBuildPhase section */
		29B077B125AEABF16E4ABC27 /* [CP] Embed Pods Frameworks */ = {
			isa = PBXShellScriptBuildPhase;
			buildActionMask = 2147483647;
			files = (
			);
			inputFileListPaths = (
				"${PODS_ROOT}/Target Support Files/Pods-CSR-Chat/Pods-CSR-Chat-frameworks-${CONFIGURATION}-input-files.xcfilelist",
			);
			name = "[CP] Embed Pods Frameworks";
			outputFileListPaths = (
				"${PODS_ROOT}/Target Support Files/Pods-CSR-Chat/Pods-CSR-Chat-frameworks-${CONFIGURATION}-output-files.xcfilelist",
			);
			runOnlyForDeploymentPostprocessing = 0;
			shellPath = /bin/sh;
			shellScript = "\"${PODS_ROOT}/Target Support Files/Pods-CSR-Chat/Pods-CSR-Chat-frameworks.sh\"\n";
			showEnvVarsInLog = 0;
		};
		FC738E3C6B19618FFB25FEDD /* [CP] Check Pods Manifest.lock */ = {
			isa = PBXShellScriptBuildPhase;
			buildActionMask = 2147483647;
			files = (
			);
			inputFileListPaths = (
			);
			inputPaths = (
				"${PODS_PODFILE_DIR_PATH}/Podfile.lock",
				"${PODS_ROOT}/Manifest.lock",
			);
			name = "[CP] Check Pods Manifest.lock";
			outputFileListPaths = (
			);
			outputPaths = (
				"$(DERIVED_FILE_DIR)/Pods-CSR-Chat-checkManifestLockResult.txt",
			);
			runOnlyForDeploymentPostprocessing = 0;
			shellPath = /bin/sh;
			shellScript = "diff \"${PODS_PODFILE_DIR_PATH}/Podfile.lock\" \"${PODS_ROOT}/Manifest.lock\" > /dev/null\nif [ $? != 0 ] ; then\n    # print error to STDERR\n    echo \"error: The sandbox is not in sync with the Podfile.lock. Run 'pod install' or update your CocoaPods installation.\" >&2\n    exit 1\nfi\n# This output is used by Xcode 'outputs' to avoid re-running this script phase.\necho \"SUCCESS\" > \"${SCRIPT_OUTPUT_FILE_0}\"\n";
			showEnvVarsInLog = 0;
		};
/* End PBXShellScriptBuildPhase section */

/* Begin PBXSourcesBuildPhase section */
		80F9C8982360DD99004B831E /* Sources */ = {
			isa = PBXSourcesBuildPhase;
			buildActionMask = 2147483647;
			files = (
				80BF9EC02375BAB40055DAF5 /* LoginView.swift in Sources */,
				80F9C8A02360DD99004B831E /* AppDelegate.swift in Sources */,
				80F9C8A22360DD99004B831E /* SceneDelegate.swift in Sources */,
				80BF9EC22375BAEC0055DAF5 /* FirebaseSession.swift in Sources */,
				80BF9EC62375BCCF0055DAF5 /* User.swift in Sources */,
				80BF9ECA2375BF580055DAF5 /* MsgRow.swift in Sources */,
				80BF9ED02375FF8F0055DAF5 /* Msg.swift in Sources */,
				80BF9EC82375BD570055DAF5 /* MsgPage.swift in Sources */,
				80BF9EC42375BC8F0055DAF5 /* SignUp.swift in Sources */,
				80F9C8A72360DD99004B831E /* ContentView.swift in Sources */,
				80F9C8A52360DD99004B831E /* CSR_Chat.xcdatamodeld in Sources */,
			);
			runOnlyForDeploymentPostprocessing = 0;
		};
/* End PBXSourcesBuildPhase section */

/* Begin PBXVariantGroup section */
		80F9C8AD2360DD9F004B831E /* LaunchScreen.storyboard */ = {
			isa = PBXVariantGroup;
			children = (
				80F9C8AE2360DD9F004B831E /* Base */,
			);
			name = LaunchScreen.storyboard;
			sourceTree = "<group>";
		};
/* End PBXVariantGroup section */

/* Begin XCBuildConfiguration section */
		80F9C8B12360DD9F004B831E /* Debug */ = {
			isa = XCBuildConfiguration;
			buildSettings = {
				ALWAYS_SEARCH_USER_PATHS = NO;
				CLANG_ANALYZER_NONNULL = YES;
				CLANG_ANALYZER_NUMBER_OBJECT_CONVERSION = YES_AGGRESSIVE;
				CLANG_CXX_LANGUAGE_STANDARD = "gnu++14";
				CLANG_CXX_LIBRARY = "libc++";
				CLANG_ENABLE_MODULES = YES;
				CLANG_ENABLE_OBJC_ARC = YES;
				CLANG_ENABLE_OBJC_WEAK = YES;
				CLANG_WARN_BLOCK_CAPTURE_AUTORELEASING = YES;
				CLANG_WARN_BOOL_CONVERSION = YES;
				CLANG_WARN_COMMA = YES;
				CLANG_WARN_CONSTANT_CONVERSION = YES;
				CLANG_WARN_DEPRECATED_OBJC_IMPLEMENTATIONS = YES;
				CLANG_WARN_DIRECT_OBJC_ISA_USAGE = YES_ERROR;
				CLANG_WARN_DOCUMENTATION_COMMENTS = YES;
				CLANG_WARN_EMPTY_BODY = YES;
				CLANG_WARN_ENUM_CONVERSION = YES;
				CLANG_WARN_INFINITE_RECURSION = YES;
				CLANG_WARN_INT_CONVERSION = YES;
				CLANG_WARN_NON_LITERAL_NULL_CONVERSION = YES;
				CLANG_WARN_OBJC_IMPLICIT_RETAIN_SELF = YES;
				CLANG_WARN_OBJC_LITERAL_CONVERSION = YES;
				CLANG_WARN_OBJC_ROOT_CLASS = YES_ERROR;
				CLANG_WARN_RANGE_LOOP_ANALYSIS = YES;
				CLANG_WARN_STRICT_PROTOTYPES = YES;
				CLANG_WARN_SUSPICIOUS_MOVE = YES;
				CLANG_WARN_UNGUARDED_AVAILABILITY = YES_AGGRESSIVE;
				CLANG_WARN_UNREACHABLE_CODE = YES;
				CLANG_WARN__DUPLICATE_METHOD_MATCH = YES;
				COPY_PHASE_STRIP = NO;
				DEBUG_INFORMATION_FORMAT = dwarf;
				ENABLE_STRICT_OBJC_MSGSEND = YES;
				ENABLE_TESTABILITY = YES;
				GCC_C_LANGUAGE_STANDARD = gnu11;
				GCC_DYNAMIC_NO_PIC = NO;
				GCC_NO_COMMON_BLOCKS = YES;
				GCC_OPTIMIZATION_LEVEL = 0;
				GCC_PREPROCESSOR_DEFINITIONS = (
					"DEBUG=1",
					"$(inherited)",
				);
				GCC_WARN_64_TO_32_BIT_CONVERSION = YES;
				GCC_WARN_ABOUT_RETURN_TYPE = YES_ERROR;
				GCC_WARN_UNDECLARED_SELECTOR = YES;
				GCC_WARN_UNINITIALIZED_AUTOS = YES_AGGRESSIVE;
				GCC_WARN_UNUSED_FUNCTION = YES;
				GCC_WARN_UNUSED_VARIABLE = YES;
				IPHONEOS_DEPLOYMENT_TARGET = 13.1;
				MTL_ENABLE_DEBUG_INFO = INCLUDE_SOURCE;
				MTL_FAST_MATH = YES;
				ONLY_ACTIVE_ARCH = YES;
				SDKROOT = iphoneos;
				SWIFT_ACTIVE_COMPILATION_CONDITIONS = DEBUG;
				SWIFT_OPTIMIZATION_LEVEL = "-Onone";
			};
			name = Debug;
		};
		80F9C8B22360DD9F004B831E /* Release */ = {
			isa = XCBuildConfiguration;
			buildSettings = {
				ALWAYS_SEARCH_USER_PATHS = NO;
				CLANG_ANALYZER_NONNULL = YES;
				CLANG_ANALYZER_NUMBER_OBJECT_CONVERSION = YES_AGGRESSIVE;
				CLANG_CXX_LANGUAGE_STANDARD = "gnu++14";
				CLANG_CXX_LIBRARY = "libc++";
				CLANG_ENABLE_MODULES = YES;
				CLANG_ENABLE_OBJC_ARC = YES;
				CLANG_ENABLE_OBJC_WEAK = YES;
				CLANG_WARN_BLOCK_CAPTURE_AUTORELEASING = YES;
				CLANG_WARN_BOOL_CONVERSION = YES;
				CLANG_WARN_COMMA = YES;
				CLANG_WARN_CONSTANT_CONVERSION = YES;
				CLANG_WARN_DEPRECATED_OBJC_IMPLEMENTATIONS = YES;
				CLANG_WARN_DIRECT_OBJC_ISA_USAGE = YES_ERROR;
				CLANG_WARN_DOCUMENTATION_COMMENTS = YES;
				CLANG_WARN_EMPTY_BODY = YES;
				CLANG_WARN_ENUM_CONVERSION = YES;
				CLANG_WARN_INFINITE_RECURSION = YES;
				CLANG_WARN_INT_CONVERSION = YES;
				CLANG_WARN_NON_LITERAL_NULL_CONVERSION = YES;
				CLANG_WARN_OBJC_IMPLICIT_RETAIN_SELF = YES;
				CLANG_WARN_OBJC_LITERAL_CONVERSION = YES;
				CLANG_WARN_OBJC_ROOT_CLASS = YES_ERROR;
				CLANG_WARN_RANGE_LOOP_ANALYSIS = YES;
				CLANG_WARN_STRICT_PROTOTYPES = YES;
				CLANG_WARN_SUSPICIOUS_MOVE = YES;
				CLANG_WARN_UNGUARDED_AVAILABILITY = YES_AGGRESSIVE;
				CLANG_WARN_UNREACHABLE_CODE = YES;
				CLANG_WARN__DUPLICATE_METHOD_MATCH = YES;
				COPY_PHASE_STRIP = NO;
				DEBUG_INFORMATION_FORMAT = "dwarf-with-dsym";
				ENABLE_NS_ASSERTIONS = NO;
				ENABLE_STRICT_OBJC_MSGSEND = YES;
				GCC_C_LANGUAGE_STANDARD = gnu11;
				GCC_NO_COMMON_BLOCKS = YES;
				GCC_WARN_64_TO_32_BIT_CONVERSION = YES;
				GCC_WARN_ABOUT_RETURN_TYPE = YES_ERROR;
				GCC_WARN_UNDECLARED_SELECTOR = YES;
				GCC_WARN_UNINITIALIZED_AUTOS = YES_AGGRESSIVE;
				GCC_WARN_UNUSED_FUNCTION = YES;
				GCC_WARN_UNUSED_VARIABLE = YES;
				IPHONEOS_DEPLOYMENT_TARGET = 13.1;
				MTL_ENABLE_DEBUG_INFO = NO;
				MTL_FAST_MATH = YES;
				SDKROOT = iphoneos;
				SWIFT_COMPILATION_MODE = wholemodule;
				SWIFT_OPTIMIZATION_LEVEL = "-O";
				VALIDATE_PRODUCT = YES;
			};
			name = Release;
		};
		80F9C8B42360DD9F004B831E /* Debug */ = {
			isa = XCBuildConfiguration;
			baseConfigurationReference = 35A1EE150EFDAAB27C2FE211 /* Pods-CSR-Chat.debug.xcconfig */;
			buildSettings = {
				ASSETCATALOG_COMPILER_APPICON_NAME = AppIcon;
				CODE_SIGN_STYLE = Automatic;
				DEVELOPMENT_ASSET_PATHS = "\"CSR-Chat/Preview Content\"";
				DEVELOPMENT_TEAM = U47YN5XTU6;
				ENABLE_PREVIEWS = YES;
				INFOPLIST_FILE = "CSR-Chat/Info.plist";
				LD_RUNPATH_SEARCH_PATHS = (
					"$(inherited)",
					"@executable_path/Frameworks",
				);
				PRODUCT_BUNDLE_IDENTIFIER = "CSR.CSR-Chat";
				PRODUCT_NAME = "$(TARGET_NAME)";
				SWIFT_VERSION = 5.0;
				TARGETED_DEVICE_FAMILY = "1,2";
			};
			name = Debug;
		};
		80F9C8B52360DD9F004B831E /* Release */ = {
			isa = XCBuildConfiguration;
			baseConfigurationReference = 28A1EF2D22EC93550FA3A169 /* Pods-CSR-Chat.release.xcconfig */;
			buildSettings = {
				ASSETCATALOG_COMPILER_APPICON_NAME = AppIcon;
				CODE_SIGN_STYLE = Automatic;
				DEVELOPMENT_ASSET_PATHS = "\"CSR-Chat/Preview Content\"";
				DEVELOPMENT_TEAM = U47YN5XTU6;
				ENABLE_PREVIEWS = YES;
				INFOPLIST_FILE = "CSR-Chat/Info.plist";
				LD_RUNPATH_SEARCH_PATHS = (
					"$(inherited)",
					"@executable_path/Frameworks",
				);
				PRODUCT_BUNDLE_IDENTIFIER = "CSR.CSR-Chat";
				PRODUCT_NAME = "$(TARGET_NAME)";
				SWIFT_VERSION = 5.0;
				TARGETED_DEVICE_FAMILY = "1,2";
			};
			name = Release;
		};
/* End XCBuildConfiguration section */

/* Begin XCConfigurationList section */
		80F9C8972360DD99004B831E /* Build configuration list for PBXProject "CSR-Chat" */ = {
			isa = XCConfigurationList;
			buildConfigurations = (
				80F9C8B12360DD9F004B831E /* Debug */,
				80F9C8B22360DD9F004B831E /* Release */,
			);
			defaultConfigurationIsVisible = 0;
			defaultConfigurationName = Release;
		};
		80F9C8B32360DD9F004B831E /* Build configuration list for PBXNativeTarget "CSR-Chat" */ = {
			isa = XCConfigurationList;
			buildConfigurations = (
				80F9C8B42360DD9F004B831E /* Debug */,
				80F9C8B52360DD9F004B831E /* Release */,
			);
			defaultConfigurationIsVisible = 0;
			defaultConfigurationName = Release;
		};
/* End XCConfigurationList section */

/* Begin XCVersionGroup section */
		80F9C8A32360DD99004B831E /* CSR_Chat.xcdatamodeld */ = {
			isa = XCVersionGroup;
			children = (
				80F9C8A42360DD99004B831E /* CSR_Chat.xcdatamodel */,
			);
			currentVersion = 80F9C8A42360DD99004B831E /* CSR_Chat.xcdatamodel */;
			path = CSR_Chat.xcdatamodeld;
			sourceTree = "<group>";
			versionGroupType = wrapper.xcdatamodel;
		};
/* End XCVersionGroup section */
	};
	rootObject = 80F9C8942360DD99004B831E /* Project object */;
}
